// !$*UTF8*$!
{
	archiveVersion = 1;
	classes = {
	};
	objectVersion = 46;
	objects = {

/* Begin PBXBuildFile section */
		7E300F921E55605C00C62608 /* PhotosUI.framework in Frameworks */ = {isa = PBXBuildFile; fileRef = 7E300F911E55605C00C62608 /* PhotosUI.framework */; };
		7E300F941E55605C00C62608 /* Photos.framework in Frameworks */ = {isa = PBXBuildFile; fileRef = 7E300F931E55605C00C62608 /* Photos.framework */; };
		7E300F971E55605C00C62608 /* PhotoEditingViewController.swift in Sources */ = {isa = PBXBuildFile; fileRef = 7E300F961E55605C00C62608 /* PhotoEditingViewController.swift */; };
		7E300F9A1E55605C00C62608 /* MainInterface.storyboard in Resources */ = {isa = PBXBuildFile; fileRef = 7E300F981E55605C00C62608 /* MainInterface.storyboard */; };
		7E300F9E1E55605C00C62608 /* ApplyEffect.appex in Embed App Extensions */ = {isa = PBXBuildFile; fileRef = 7E300F8F1E55605C00C62608 /* ApplyEffect.appex */; settings = {ATTRIBUTES = (RemoveHeadersOnCopy, ); }; };
		7E403BBF1E53F80E00476FBA /* AppDelegate.swift in Sources */ = {isa = PBXBuildFile; fileRef = 7E403BBE1E53F80E00476FBA /* AppDelegate.swift */; };
		7E403BC11E53F80E00476FBA /* ViewController.swift in Sources */ = {isa = PBXBuildFile; fileRef = 7E403BC01E53F80E00476FBA /* ViewController.swift */; };
		7E403BC41E53F80E00476FBA /* Main.storyboard in Resources */ = {isa = PBXBuildFile; fileRef = 7E403BC21E53F80E00476FBA /* Main.storyboard */; };
		7E403BC61E53F80E00476FBA /* Assets.xcassets in Resources */ = {isa = PBXBuildFile; fileRef = 7E403BC51E53F80E00476FBA /* Assets.xcassets */; };
		7E403BC91E53F80E00476FBA /* LaunchScreen.storyboard in Resources */ = {isa = PBXBuildFile; fileRef = 7E403BC71E53F80E00476FBA /* LaunchScreen.storyboard */; };
		7E403BD41E53F80E00476FBA /* PhotoKitExTests.swift in Sources */ = {isa = PBXBuildFile; fileRef = 7E403BD31E53F80E00476FBA /* PhotoKitExTests.swift */; };
		7E403BDF1E53F8B700476FBA /* CollectionViewController.swift in Sources */ = {isa = PBXBuildFile; fileRef = 7E403BDE1E53F8B700476FBA /* CollectionViewController.swift */; };
		7E403BE11E53FA4900476FBA /* CollectionViewCell.swift in Sources */ = {isa = PBXBuildFile; fileRef = 7E403BE01E53FA4900476FBA /* CollectionViewCell.swift */; };
/* End PBXBuildFile section */

/* Begin PBXContainerItemProxy section */
		7E300F9C1E55605C00C62608 /* PBXContainerItemProxy */ = {
			isa = PBXContainerItemProxy;
			containerPortal = 7E403BB31E53F80E00476FBA /* Project object */;
			proxyType = 1;
			remoteGlobalIDString = 7E300F8E1E55605C00C62608;
			remoteInfo = ApplyEffect;
		};
		7E403BD01E53F80E00476FBA /* PBXContainerItemProxy */ = {
			isa = PBXContainerItemProxy;
			containerPortal = 7E403BB31E53F80E00476FBA /* Project object */;
			proxyType = 1;
			remoteGlobalIDString = 7E403BBA1E53F80E00476FBA;
			remoteInfo = PhotoKitEx;
		};
/* End PBXContainerItemProxy section */

/* Begin PBXCopyFilesBuildPhase section */
		7E300FA21E55605C00C62608 /* Embed App Extensions */ = {
			isa = PBXCopyFilesBuildPhase;
			buildActionMask = 2147483647;
			dstPath = "";
			dstSubfolderSpec = 13;
			files = (
				7E300F9E1E55605C00C62608 /* ApplyEffect.appex in Embed App Extensions */,
			);
			name = "Embed App Extensions";
			runOnlyForDeploymentPostprocessing = 0;
		};
/* End PBXCopyFilesBuildPhase section */

/* Begin PBXFileReference section */
		7E300F8F1E55605C00C62608 /* ApplyEffect.appex */ = {isa = PBXFileReference; explicitFileType = "wrapper.app-extension"; includeInIndex = 0; path = ApplyEffect.appex; sourceTree = BUILT_PRODUCTS_DIR; };
		7E300F911E55605C00C62608 /* PhotosUI.framework */ = {isa = PBXFileReference; lastKnownFileType = wrapper.framework; name = PhotosUI.framework; path = System/Library/Frameworks/PhotosUI.framework; sourceTree = SDKROOT; };
		7E300F931E55605C00C62608 /* Photos.framework */ = {isa = PBXFileReference; lastKnownFileType = wrapper.framework; name = Photos.framework; path = System/Library/Frameworks/Photos.framework; sourceTree = SDKROOT; };
		7E300F961E55605C00C62608 /* PhotoEditingViewController.swift */ = {isa = PBXFileReference; lastKnownFileType = sourcecode.swift; path = PhotoEditingViewController.swift; sourceTree = "<group>"; };
		7E300F991E55605C00C62608 /* Base */ = {isa = PBXFileReference; lastKnownFileType = file.storyboard; name = Base; path = Base.lproj/MainInterface.storyboard; sourceTree = "<group>"; };
		7E300F9B1E55605C00C62608 /* Info.plist */ = {isa = PBXFileReference; lastKnownFileType = text.plist.xml; path = Info.plist; sourceTree = "<group>"; };
		7E403BBB1E53F80E00476FBA /* PhotoKitEx.app */ = {isa = PBXFileReference; explicitFileType = wrapper.application; includeInIndex = 0; path = PhotoKitEx.app; sourceTree = BUILT_PRODUCTS_DIR; };
		7E403BBE1E53F80E00476FBA /* AppDelegate.swift */ = {isa = PBXFileReference; lastKnownFileType = sourcecode.swift; path = AppDelegate.swift; sourceTree = "<group>"; };
		7E403BC01E53F80E00476FBA /* ViewController.swift */ = {isa = PBXFileReference; lastKnownFileType = sourcecode.swift; path = ViewController.swift; sourceTree = "<group>"; };
		7E403BC31E53F80E00476FBA /* Base */ = {isa = PBXFileReference; lastKnownFileType = file.storyboard; name = Base; path = Base.lproj/Main.storyboard; sourceTree = "<group>"; };
		7E403BC51E53F80E00476FBA /* Assets.xcassets */ = {isa = PBXFileReference; lastKnownFileType = folder.assetcatalog; path = Assets.xcassets; sourceTree = "<group>"; };
		7E403BC81E53F80E00476FBA /* Base */ = {isa = PBXFileReference; lastKnownFileType = file.storyboard; name = Base; path = Base.lproj/LaunchScreen.storyboard; sourceTree = "<group>"; };
		7E403BCA1E53F80E00476FBA /* Info.plist */ = {isa = PBXFileReference; lastKnownFileType = text.plist.xml; path = Info.plist; sourceTree = "<group>"; };
		7E403BCF1E53F80E00476FBA /* PhotoKitExTests.xctest */ = {isa = PBXFileReference; explicitFileType = wrapper.cfbundle; includeInIndex = 0; path = PhotoKitExTests.xctest; sourceTree = BUILT_PRODUCTS_DIR; };
		7E403BD31E53F80E00476FBA /* PhotoKitExTests.swift */ = {isa = PBXFileReference; lastKnownFileType = sourcecode.swift; path = PhotoKitExTests.swift; sourceTree = "<group>"; };
		7E403BD51E53F80E00476FBA /* Info.plist */ = {isa = PBXFileReference; lastKnownFileType = text.plist.xml; path = Info.plist; sourceTree = "<group>"; };
		7E403BDE1E53F8B700476FBA /* CollectionViewController.swift */ = {isa = PBXFileReference; fileEncoding = 4; lastKnownFileType = sourcecode.swift; path = CollectionViewController.swift; sourceTree = "<group>"; };
		7E403BE01E53FA4900476FBA /* CollectionViewCell.swift */ = {isa = PBXFileReference; fileEncoding = 4; lastKnownFileType = sourcecode.swift; path = CollectionViewCell.swift; sourceTree = "<group>"; };
/* End PBXFileReference section */

/* Begin PBXFrameworksBuildPhase section */
		7E300F8C1E55605C00C62608 /* Frameworks */ = {
			isa = PBXFrameworksBuildPhase;
			buildActionMask = 2147483647;
			files = (
				7E300F921E55605C00C62608 /* PhotosUI.framework in Frameworks */,
				7E300F941E55605C00C62608 /* Photos.framework in Frameworks */,
			);
			runOnlyForDeploymentPostprocessing = 0;
		};
		7E403BB81E53F80E00476FBA /* Frameworks */ = {
			isa = PBXFrameworksBuildPhase;
			buildActionMask = 2147483647;
			files = (
			);
			runOnlyForDeploymentPostprocessing = 0;
		};
		7E403BCC1E53F80E00476FBA /* Frameworks */ = {
			isa = PBXFrameworksBuildPhase;
			buildActionMask = 2147483647;
			files = (
			);
			runOnlyForDeploymentPostprocessing = 0;
		};
/* End PBXFrameworksBuildPhase section */

/* Begin PBXGroup section */
		7E300F901E55605C00C62608 /* Frameworks */ = {
			isa = PBXGroup;
			children = (
				7E300F911E55605C00C62608 /* PhotosUI.framework */,
				7E300F931E55605C00C62608 /* Photos.framework */,
			);
			name = Frameworks;
			sourceTree = "<group>";
		};
		7E300F951E55605C00C62608 /* ApplyEffect */ = {
			isa = PBXGroup;
			children = (
				7E300F961E55605C00C62608 /* PhotoEditingViewController.swift */,
				7E300F981E55605C00C62608 /* MainInterface.storyboard */,
				7E300F9B1E55605C00C62608 /* Info.plist */,
			);
			path = ApplyEffect;
			sourceTree = "<group>";
		};
		7E403BB21E53F80E00476FBA = {
			isa = PBXGroup;
			children = (
				7E403BBD1E53F80E00476FBA /* PhotoKitEx */,
				7E403BD21E53F80E00476FBA /* PhotoKitExTests */,
				7E300F951E55605C00C62608 /* ApplyEffect */,
				7E300F901E55605C00C62608 /* Frameworks */,
				7E403BBC1E53F80E00476FBA /* Products */,
			);
			sourceTree = "<group>";
		};
		7E403BBC1E53F80E00476FBA /* Products */ = {
			isa = PBXGroup;
			children = (
				7E403BBB1E53F80E00476FBA /* PhotoKitEx.app */,
				7E403BCF1E53F80E00476FBA /* PhotoKitExTests.xctest */,
				7E300F8F1E55605C00C62608 /* ApplyEffect.appex */,
			);
			name = Products;
			sourceTree = "<group>";
		};
		7E403BBD1E53F80E00476FBA /* PhotoKitEx */ = {
			isa = PBXGroup;
			children = (
				7E403BE31E53FA7E00476FBA /* Controller */,
				7E403BE21E53FA6F00476FBA /* View */,
				7E403BBE1E53F80E00476FBA /* AppDelegate.swift */,
				7E403BC21E53F80E00476FBA /* Main.storyboard */,
				7E403BC51E53F80E00476FBA /* Assets.xcassets */,
				7E403BC71E53F80E00476FBA /* LaunchScreen.storyboard */,
				7E403BCA1E53F80E00476FBA /* Info.plist */,
			);
			path = PhotoKitEx;
			sourceTree = "<group>";
		};
		7E403BD21E53F80E00476FBA /* PhotoKitExTests */ = {
			isa = PBXGroup;
			children = (
				7E403BD31E53F80E00476FBA /* PhotoKitExTests.swift */,
				7E403BD51E53F80E00476FBA /* Info.plist */,
			);
			path = PhotoKitExTests;
			sourceTree = "<group>";
		};
		7E403BE21E53FA6F00476FBA /* View */ = {
			isa = PBXGroup;
			children = (
				7E403BE01E53FA4900476FBA /* CollectionViewCell.swift */,
			);
			name = View;
			sourceTree = "<group>";
		};
		7E403BE31E53FA7E00476FBA /* Controller */ = {
			isa = PBXGroup;
			children = (
				7E403BC01E53F80E00476FBA /* ViewController.swift */,
				7E403BDE1E53F8B700476FBA /* CollectionViewController.swift */,
			);
			name = Controller;
			sourceTree = "<group>";
		};
/* End PBXGroup section */

/* Begin PBXNativeTarget section */
		7E300F8E1E55605C00C62608 /* ApplyEffect */ = {
			isa = PBXNativeTarget;
			buildConfigurationList = 7E300FA11E55605C00C62608 /* Build configuration list for PBXNativeTarget "ApplyEffect" */;
			buildPhases = (
				7E300F8B1E55605C00C62608 /* Sources */,
				7E300F8C1E55605C00C62608 /* Frameworks */,
				7E300F8D1E55605C00C62608 /* Resources */,
			);
			buildRules = (
			);
			dependencies = (
			);
			name = ApplyEffect;
			productName = ApplyEffect;
			productReference = 7E300F8F1E55605C00C62608 /* ApplyEffect.appex */;
			productType = "com.apple.product-type.app-extension";
		};
		7E403BBA1E53F80E00476FBA /* PhotoKitEx */ = {
			isa = PBXNativeTarget;
			buildConfigurationList = 7E403BD81E53F80E00476FBA /* Build configuration list for PBXNativeTarget "PhotoKitEx" */;
			buildPhases = (
				7E403BB71E53F80E00476FBA /* Sources */,
				7E403BB81E53F80E00476FBA /* Frameworks */,
				7E403BB91E53F80E00476FBA /* Resources */,
				7E300FA21E55605C00C62608 /* Embed App Extensions */,
			);
			buildRules = (
			);
			dependencies = (
				7E300F9D1E55605C00C62608 /* PBXTargetDependency */,
			);
			name = PhotoKitEx;
			productName = PhotoKitEx;
			productReference = 7E403BBB1E53F80E00476FBA /* PhotoKitEx.app */;
			productType = "com.apple.product-type.application";
		};
		7E403BCE1E53F80E00476FBA /* PhotoKitExTests */ = {
			isa = PBXNativeTarget;
			buildConfigurationList = 7E403BDB1E53F80E00476FBA /* Build configuration list for PBXNativeTarget "PhotoKitExTests" */;
			buildPhases = (
				7E403BCB1E53F80E00476FBA /* Sources */,
				7E403BCC1E53F80E00476FBA /* Frameworks */,
				7E403BCD1E53F80E00476FBA /* Resources */,
			);
			buildRules = (
			);
			dependencies = (
				7E403BD11E53F80E00476FBA /* PBXTargetDependency */,
			);
			name = PhotoKitExTests;
			productName = PhotoKitExTests;
			productReference = 7E403BCF1E53F80E00476FBA /* PhotoKitExTests.xctest */;
			productType = "com.apple.product-type.bundle.unit-test";
		};
/* End PBXNativeTarget section */

/* Begin PBXProject section */
		7E403BB31E53F80E00476FBA /* Project object */ = {
			isa = PBXProject;
			attributes = {
				LastSwiftUpdateCheck = 0810;
				LastUpgradeCheck = 0810;
				ORGANIZATIONNAME = "홍창남";
				TargetAttributes = {
					7E300F8E1E55605C00C62608 = {
						CreatedOnToolsVersion = 8.1;
						DevelopmentTeam = W6XUQ3PPN9;
						ProvisioningStyle = Automatic;
					};
					7E403BBA1E53F80E00476FBA = {
						CreatedOnToolsVersion = 8.1;
						DevelopmentTeam = W6XUQ3PPN9;
						ProvisioningStyle = Automatic;
					};
					7E403BCE1E53F80E00476FBA = {
						CreatedOnToolsVersion = 8.1;
						DevelopmentTeam = W6XUQ3PPN9;
						ProvisioningStyle = Automatic;
						TestTargetID = 7E403BBA1E53F80E00476FBA;
					};
				};
			};
			buildConfigurationList = 7E403BB61E53F80E00476FBA /* Build configuration list for PBXProject "PhotoKitEx" */;
			compatibilityVersion = "Xcode 3.2";
			developmentRegion = English;
			hasScannedForEncodings = 0;
			knownRegions = (
				en,
				Base,
			);
			mainGroup = 7E403BB21E53F80E00476FBA;
			productRefGroup = 7E403BBC1E53F80E00476FBA /* Products */;
			projectDirPath = "";
			projectRoot = "";
			targets = (
				7E403BBA1E53F80E00476FBA /* PhotoKitEx */,
				7E403BCE1E53F80E00476FBA /* PhotoKitExTests */,
				7E300F8E1E55605C00C62608 /* ApplyEffect */,
			);
		};
/* End PBXProject section */

/* Begin PBXResourcesBuildPhase section */
		7E300F8D1E55605C00C62608 /* Resources */ = {
			isa = PBXResourcesBuildPhase;
			buildActionMask = 2147483647;
			files = (
				7E300F9A1E55605C00C62608 /* MainInterface.storyboard in Resources */,
			);
			runOnlyForDeploymentPostprocessing = 0;
		};
		7E403BB91E53F80E00476FBA /* Resources */ = {
			isa = PBXResourcesBuildPhase;
			buildActionMask = 2147483647;
			files = (
				7E403BC91E53F80E00476FBA /* LaunchScreen.storyboard in Resources */,
				7E403BC61E53F80E00476FBA /* Assets.xcassets in Resources */,
				7E403BC41E53F80E00476FBA /* Main.storyboard in Resources */,
			);
			runOnlyForDeploymentPostprocessing = 0;
		};
		7E403BCD1E53F80E00476FBA /* Resources */ = {
			isa = PBXResourcesBuildPhase;
			buildActionMask = 2147483647;
			files = (
			);
			runOnlyForDeploymentPostprocessing = 0;
		};
/* End PBXResourcesBuildPhase section */

/* Begin PBXSourcesBuildPhase section */
		7E300F8B1E55605C00C62608 /* Sources */ = {
			isa = PBXSourcesBuildPhase;
			buildActionMask = 2147483647;
			files = (
				7E300F971E55605C00C62608 /* PhotoEditingViewController.swift in Sources */,
			);
			runOnlyForDeploymentPostprocessing = 0;
		};
		7E403BB71E53F80E00476FBA /* Sources */ = {
			isa = PBXSourcesBuildPhase;
			buildActionMask = 2147483647;
			files = (
				7E403BDF1E53F8B700476FBA /* CollectionViewController.swift in Sources */,
				7E403BC11E53F80E00476FBA /* ViewController.swift in Sources */,
				7E403BE11E53FA4900476FBA /* CollectionViewCell.swift in Sources */,
				7E403BBF1E53F80E00476FBA /* AppDelegate.swift in Sources */,
			);
			runOnlyForDeploymentPostprocessing = 0;
		};
		7E403BCB1E53F80E00476FBA /* Sources */ = {
			isa = PBXSourcesBuildPhase;
			buildActionMask = 2147483647;
			files = (
				7E403BD41E53F80E00476FBA /* PhotoKitExTests.swift in Sources */,
			);
			runOnlyForDeploymentPostprocessing = 0;
		};
/* End PBXSourcesBuildPhase section */

/* Begin PBXTargetDependency section */
		7E300F9D1E55605C00C62608 /* PBXTargetDependency */ = {
			isa = PBXTargetDependency;
			target = 7E300F8E1E55605C00C62608 /* ApplyEffect */;
			targetProxy = 7E300F9C1E55605C00C62608 /* PBXContainerItemProxy */;
		};
		7E403BD11E53F80E00476FBA /* PBXTargetDependency */ = {
			isa = PBXTargetDependency;
			target = 7E403BBA1E53F80E00476FBA /* PhotoKitEx */;
			targetProxy = 7E403BD01E53F80E00476FBA /* PBXContainerItemProxy */;
		};
/* End PBXTargetDependency section */

/* Begin PBXVariantGroup section */
		7E300F981E55605C00C62608 /* MainInterface.storyboard */ = {
			isa = PBXVariantGroup;
			children = (
				7E300F991E55605C00C62608 /* Base */,
			);
			name = MainInterface.storyboard;
			sourceTree = "<group>";
		};
		7E403BC21E53F80E00476FBA /* Main.storyboard */ = {
			isa = PBXVariantGroup;
			children = (
				7E403BC31E53F80E00476FBA /* Base */,
			);
			name = Main.storyboard;
			sourceTree = "<group>";
		};
		7E403BC71E53F80E00476FBA /* LaunchScreen.storyboard */ = {
			isa = PBXVariantGroup;
			children = (
				7E403BC81E53F80E00476FBA /* Base */,
			);
			name = LaunchScreen.storyboard;
			sourceTree = "<group>";
		};
/* End PBXVariantGroup section */

/* Begin XCBuildConfiguration section */
		7E300F9F1E55605C00C62608 /* Debug */ = {
			isa = XCBuildConfiguration;
			buildSettings = {
				DEVELOPMENT_TEAM = W6XUQ3PPN9;
				INFOPLIST_FILE = ApplyEffect/Info.plist;
				LD_RUNPATH_SEARCH_PATHS = "$(inherited) @executable_path/Frameworks @executable_path/../../Frameworks";
				PRODUCT_BUNDLE_IDENTIFIER = com.hcn1519.PhotoKitEx.ApplyEffect;
				PRODUCT_NAME = "$(TARGET_NAME)";
				SKIP_INSTALL = YES;
				SWIFT_VERSION = 3.0;
			};
			name = Debug;
		};
		7E300FA01E55605C00C62608 /* Release */ = {
			isa = XCBuildConfiguration;
			buildSettings = {
				DEVELOPMENT_TEAM = W6XUQ3PPN9;
				INFOPLIST_FILE = ApplyEffect/Info.plist;
				LD_RUNPATH_SEARCH_PATHS = "$(inherited) @executable_path/Frameworks @executable_path/../../Frameworks";
				PRODUCT_BUNDLE_IDENTIFIER = com.hcn1519.PhotoKitEx.ApplyEffect;
				PRODUCT_NAME = "$(TARGET_NAME)";
				SKIP_INSTALL = YES;
				SWIFT_VERSION = 3.0;
			};
			name = Release;
		};
		7E403BD61E53F80E00476FBA /* Debug */ = {
			isa = XCBuildConfiguration;
			buildSettings = {
				ALWAYS_SEARCH_USER_PATHS = NO;
				CLANG_ANALYZER_NONNULL = YES;
				CLANG_CXX_LANGUAGE_STANDARD = "gnu++0x";
				CLANG_CXX_LIBRARY = "libc++";
				CLANG_ENABLE_MODULES = YES;
				CLANG_ENABLE_OBJC_ARC = YES;
				CLANG_WARN_BOOL_CONVERSION = YES;
				CLANG_WARN_CONSTANT_CONVERSION = YES;
				CLANG_WARN_DIRECT_OBJC_ISA_USAGE = YES_ERROR;
				CLANG_WARN_DOCUMENTATION_COMMENTS = YES;
				CLANG_WARN_EMPTY_BODY = YES;
				CLANG_WARN_ENUM_CONVERSION = YES;
				CLANG_WARN_INFINITE_RECURSION = YES;
				CLANG_WARN_INT_CONVERSION = YES;
				CLANG_WARN_OBJC_ROOT_CLASS = YES_ERROR;
				CLANG_WARN_SUSPICIOUS_MOVES = YES;
				CLANG_WARN_UNREACHABLE_CODE = YES;
				CLANG_WARN__DUPLICATE_METHOD_MATCH = YES;
				"CODE_SIGN_IDENTITY[sdk=iphoneos*]" = "iPhone Developer";
				COPY_PHASE_STRIP = NO;
				DEBUG_INFORMATION_FORMAT = dwarf;
				ENABLE_STRICT_OBJC_MSGSEND = YES;
				ENABLE_TESTABILITY = YES;
				GCC_C_LANGUAGE_STANDARD = gnu99;
				GCC_DYNAMIC_NO_PIC = NO;
				GCC_NO_COMMON_BLOCKS = YES;
				GCC_OPTIMIZATION_LEVEL = 0;
				GCC_PREPROCESSOR_DEFINITIONS = (
					"DEBUG=1",
					"$(inherited)",
				);
				GCC_WARN_64_TO_32_BIT_CONVERSION = YES;
				GCC_WARN_ABOUT_RETURN_TYPE = YES_ERROR;
				GCC_WARN_UNDECLARED_SELECTOR = YES;
				GCC_WARN_UNINITIALIZED_AUTOS = YES_AGGRESSIVE;
				GCC_WARN_UNUSED_FUNCTION = YES;
				GCC_WARN_UNUSED_VARIABLE = YES;
				IPHONEOS_DEPLOYMENT_TARGET = 10.1;
				MTL_ENABLE_DEBUG_INFO = YES;
				ONLY_ACTIVE_ARCH = YES;
				SDKROOT = iphoneos;
				SWIFT_ACTIVE_COMPILATION_CONDITIONS = DEBUG;
				SWIFT_OPTIMIZATION_LEVEL = "-Onone";
				TARGETED_DEVICE_FAMILY = "1,2";
			};
			name = Debug;
		};
		7E403BD71E53F80E00476FBA /* Release */ = {
			isa = XCBuildConfiguration;
			buildSettings = {
				ALWAYS_SEARCH_USER_PATHS = NO;
				CLANG_ANALYZER_NONNULL = YES;
				CLANG_CXX_LANGUAGE_STANDARD = "gnu++0x";
				CLANG_CXX_LIBRARY = "libc++";
				CLANG_ENABLE_MODULES = YES;
				CLANG_ENABLE_OBJC_ARC = YES;
				CLANG_WARN_BOOL_CONVERSION = YES;
				CLANG_WARN_CONSTANT_CONVERSION = YES;
				CLANG_WARN_DIRECT_OBJC_ISA_USAGE = YES_ERROR;
				CLANG_WARN_DOCUMENTATION_COMMENTS = YES;
				CLANG_WARN_EMPTY_BODY = YES;
				CLANG_WARN_ENUM_CONVERSION = YES;
				CLANG_WARN_INFINITE_RECURSION = YES;
				CLANG_WARN_INT_CONVERSION = YES;
				CLANG_WARN_OBJC_ROOT_CLASS = YES_ERROR;
				CLANG_WARN_SUSPICIOUS_MOVES = YES;
				CLANG_WARN_UNREACHABLE_CODE = YES;
				CLANG_WARN__DUPLICATE_METHOD_MATCH = YES;
				"CODE_SIGN_IDENTITY[sdk=iphoneos*]" = "iPhone Developer";
				COPY_PHASE_STRIP = NO;
				DEBUG_INFORMATION_FORMAT = "dwarf-with-dsym";
				ENABLE_NS_ASSERTIONS = NO;
				ENABLE_STRICT_OBJC_MSGSEND = YES;
				GCC_C_LANGUAGE_STANDARD = gnu99;
				GCC_NO_COMMON_BLOCKS = YES;
				GCC_WARN_64_TO_32_BIT_CONVERSION = YES;
				GCC_WARN_ABOUT_RETURN_TYPE = YES_ERROR;
				GCC_WARN_UNDECLARED_SELECTOR = YES;
				GCC_WARN_UNINITIALIZED_AUTOS = YES_AGGRESSIVE;
				GCC_WARN_UNUSED_FUNCTION = YES;
				GCC_WARN_UNUSED_VARIABLE = YES;
				IPHONEOS_DEPLOYMENT_TARGET = 10.1;
				MTL_ENABLE_DEBUG_INFO = NO;
				SDKROOT = iphoneos;
				SWIFT_OPTIMIZATION_LEVEL = "-Owholemodule";
				TARGETED_DEVICE_FAMILY = "1,2";
				VALIDATE_PRODUCT = YES;
			};
			name = Release;
		};
		7E403BD91E53F80E00476FBA /* Debug */ = {
			isa = XCBuildConfiguration;
			buildSettings = {
				ALWAYS_EMBED_SWIFT_STANDARD_LIBRARIES = YES;
				ASSETCATALOG_COMPILER_APPICON_NAME = AppIcon;
				DEVELOPMENT_TEAM = W6XUQ3PPN9;
				INFOPLIST_FILE = PhotoKitEx/Info.plist;
				LD_RUNPATH_SEARCH_PATHS = "$(inherited) @executable_path/Frameworks";
				PRODUCT_BUNDLE_IDENTIFIER = com.hcn1519.PhotoKitEx;
				PRODUCT_NAME = "$(TARGET_NAME)";
				SWIFT_VERSION = 3.0;
			};
			name = Debug;
		};
		7E403BDA1E53F80E00476FBA /* Release */ = {
			isa = XCBuildConfiguration;
			buildSettings = {
				ALWAYS_EMBED_SWIFT_STANDARD_LIBRARIES = YES;
				ASSETCATALOG_COMPILER_APPICON_NAME = AppIcon;
				DEVELOPMENT_TEAM = W6XUQ3PPN9;
				INFOPLIST_FILE = PhotoKitEx/Info.plist;
				LD_RUNPATH_SEARCH_PATHS = "$(inherited) @executable_path/Frameworks";
				PRODUCT_BUNDLE_IDENTIFIER = com.hcn1519.PhotoKitEx;
				PRODUCT_NAME = "$(TARGET_NAME)";
				SWIFT_VERSION = 3.0;
			};
			name = Release;
		};
		7E403BDC1E53F80E00476FBA /* Debug */ = {
			isa = XCBuildConfiguration;
			buildSettings = {
				ALWAYS_EMBED_SWIFT_STANDARD_LIBRARIES = YES;
				BUNDLE_LOADER = "$(TEST_HOST)";
				DEVELOPMENT_TEAM = W6XUQ3PPN9;
				INFOPLIST_FILE = PhotoKitExTests/Info.plist;
				LD_RUNPATH_SEARCH_PATHS = "$(inherited) @executable_path/Frameworks @loader_path/Frameworks";
				PRODUCT_BUNDLE_IDENTIFIER = com.hcn1519.PhotoKitExTests;
				PRODUCT_NAME = "$(TARGET_NAME)";
				SWIFT_VERSION = 3.0;
				TEST_HOST = "$(BUILT_PRODUCTS_DIR)/PhotoKitEx.app/PhotoKitEx";
			};
			name = Debug;
		};
		7E403BDD1E53F80E00476FBA /* Release */ = {
			isa = XCBuildConfiguration;
			buildSettings = {
				ALWAYS_EMBED_SWIFT_STANDARD_LIBRARIES = YES;
				BUNDLE_LOADER = "$(TEST_HOST)";
				DEVELOPMENT_TEAM = W6XUQ3PPN9;
				INFOPLIST_FILE = PhotoKitExTests/Info.plist;
				LD_RUNPATH_SEARCH_PATHS = "$(inherited) @executable_path/Frameworks @loader_path/Frameworks";
				PRODUCT_BUNDLE_IDENTIFIER = com.hcn1519.PhotoKitExTests;
				PRODUCT_NAME = "$(TARGET_NAME)";
				SWIFT_VERSION = 3.0;
				TEST_HOST = "$(BUILT_PRODUCTS_DIR)/PhotoKitEx.app/PhotoKitEx";
			};
			name = Release;
		};
/* End XCBuildConfiguration section */

/* Begin XCConfigurationList section */
		7E300FA11E55605C00C62608 /* Build configuration list for PBXNativeTarget "ApplyEffect" */ = {
			isa = XCConfigurationList;
			buildConfigurations = (
				7E300F9F1E55605C00C62608 /* Debug */,
				7E300FA01E55605C00C62608 /* Release */,
			);
			defaultConfigurationIsVisible = 0;
		};
		7E403BB61E53F80E00476FBA /* Build configuration list for PBXProject "PhotoKitEx" */ = {
			isa = XCConfigurationList;
			buildConfigurations = (
				7E403BD61E53F80E00476FBA /* Debug */,
				7E403BD71E53F80E00476FBA /* Release */,
			);
			defaultConfigurationIsVisible = 0;
			defaultConfigurationName = Release;
		};
		7E403BD81E53F80E00476FBA /* Build configuration list for PBXNativeTarget "PhotoKitEx" */ = {
			isa = XCConfigurationList;
			buildConfigurations = (
				7E403BD91E53F80E00476FBA /* Debug */,
				7E403BDA1E53F80E00476FBA /* Release */,
			);
			defaultConfigurationIsVisible = 0;
			defaultConfigurationName = Release;
		};
		7E403BDB1E53F80E00476FBA /* Build configuration list for PBXNativeTarget "PhotoKitExTests" */ = {
			isa = XCConfigurationList;
			buildConfigurations = (
				7E403BDC1E53F80E00476FBA /* Debug */,
				7E403BDD1E53F80E00476FBA /* Release */,
			);
			defaultConfigurationIsVisible = 0;
			defaultConfigurationName = Release;
		};
/* End XCConfigurationList section */
	};
	rootObject = 7E403BB31E53F80E00476FBA /* Project object */;
}
